// !$*UTF8*$!
{
	archiveVersion = 1;
	classes = {
	};
	objectVersion = 51;
	objects = {

/* Begin PBXBuildFile section */
		0413732723ED2E46007CED13 /* AppDelegate.swift in Sources */ = {isa = PBXBuildFile; fileRef = 0413732623ED2E46007CED13 /* AppDelegate.swift */; };
		0413732923ED2E46007CED13 /* SceneDelegate.swift in Sources */ = {isa = PBXBuildFile; fileRef = 0413732823ED2E46007CED13 /* SceneDelegate.swift */; };
		0413732B23ED2E46007CED13 /* ViewController.swift in Sources */ = {isa = PBXBuildFile; fileRef = 0413732A23ED2E46007CED13 /* ViewController.swift */; };
		0413732E23ED2E46007CED13 /* Main.storyboard in Resources */ = {isa = PBXBuildFile; fileRef = 0413732C23ED2E46007CED13 /* Main.storyboard */; };
		0413733023ED2E48007CED13 /* Assets.xcassets in Resources */ = {isa = PBXBuildFile; fileRef = 0413732F23ED2E48007CED13 /* Assets.xcassets */; };
		0413733323ED2E48007CED13 /* LaunchScreen.storyboard in Resources */ = {isa = PBXBuildFile; fileRef = 0413733123ED2E48007CED13 /* LaunchScreen.storyboard */; };
		0413733E23ED2E48007CED13 /* PatacoreSwiftTests.swift in Sources */ = {isa = PBXBuildFile; fileRef = 0413733D23ED2E48007CED13 /* PatacoreSwiftTests.swift */; };
		0413734923ED2E49007CED13 /* PatacoreSwiftUITests.swift in Sources */ = {isa = PBXBuildFile; fileRef = 0413734823ED2E49007CED13 /* PatacoreSwiftUITests.swift */; };
		048BE20F23F08AE10010BB37 /* TabBarViewController.swift in Sources */ = {isa = PBXBuildFile; fileRef = 048BE20E23F08AE10010BB37 /* TabBarViewController.swift */; };
		0493A56823EF6DB800C82E62 /* SingInViewController.swift in Sources */ = {isa = PBXBuildFile; fileRef = 0493A56723EF6DB800C82E62 /* SingInViewController.swift */; };
		04CEC13E23F10180000D0D8D /* ProductsTableViewController.swift in Sources */ = {isa = PBXBuildFile; fileRef = 04CEC13D23F10180000D0D8D /* ProductsTableViewController.swift */; };
		04E799AD23F2198300EFF3DE /* Product.swift in Sources */ = {isa = PBXBuildFile; fileRef = 04E799AC23F2198300EFF3DE /* Product.swift */; };
		04E799AF23F22F7E00EFF3DE /* ProductsManager.swift in Sources */ = {isa = PBXBuildFile; fileRef = 04E799AE23F22F7E00EFF3DE /* ProductsManager.swift */; };
		04E799B123F262A600EFF3DE /* ProductViewController.swift in Sources */ = {isa = PBXBuildFile; fileRef = 04E799B023F262A600EFF3DE /* ProductViewController.swift */; };
		229A2352A4E4FFE640FCEEDA /* Pods_PatacoreSwift.framework in Frameworks */ = {isa = PBXBuildFile; fileRef = 466D0EB12B68A2E7A3FBEFEA /* Pods_PatacoreSwift.framework */; };
		6E59423F53718337F27E0C13 /* Pods_PatacoreSwiftTests.framework in Frameworks */ = {isa = PBXBuildFile; fileRef = CC3D3D7087326DB5839AD1FE /* Pods_PatacoreSwiftTests.framework */; };
		87210977E9856595623DA250 /* Pods_PatacoreSwift_PatacoreSwiftUITests.framework in Frameworks */ = {isa = PBXBuildFile; fileRef = 280E859D7C5A5AAB866E8C5C /* Pods_PatacoreSwift_PatacoreSwiftUITests.framework */; };
/* End PBXBuildFile section */

/* Begin PBXContainerItemProxy section */
		0413733A23ED2E48007CED13 /* PBXContainerItemProxy */ = {
			isa = PBXContainerItemProxy;
			containerPortal = 0413731B23ED2E46007CED13 /* Project object */;
			proxyType = 1;
			remoteGlobalIDString = 0413732223ED2E46007CED13;
			remoteInfo = PatacoreSwift;
		};
		0413734523ED2E49007CED13 /* PBXContainerItemProxy */ = {
			isa = PBXContainerItemProxy;
			containerPortal = 0413731B23ED2E46007CED13 /* Project object */;
			proxyType = 1;
			remoteGlobalIDString = 0413732223ED2E46007CED13;
			remoteInfo = PatacoreSwift;
		};
/* End PBXContainerItemProxy section */

/* Begin PBXFileReference section */
		0413732323ED2E46007CED13 /* PatacoreSwift.app */ = {isa = PBXFileReference; explicitFileType = wrapper.application; includeInIndex = 0; path = PatacoreSwift.app; sourceTree = BUILT_PRODUCTS_DIR; };
		0413732623ED2E46007CED13 /* AppDelegate.swift */ = {isa = PBXFileReference; lastKnownFileType = sourcecode.swift; path = AppDelegate.swift; sourceTree = "<group>"; };
		0413732823ED2E46007CED13 /* SceneDelegate.swift */ = {isa = PBXFileReference; lastKnownFileType = sourcecode.swift; path = SceneDelegate.swift; sourceTree = "<group>"; };
		0413732A23ED2E46007CED13 /* ViewController.swift */ = {isa = PBXFileReference; lastKnownFileType = sourcecode.swift; path = ViewController.swift; sourceTree = "<group>"; };
		0413732D23ED2E46007CED13 /* Base */ = {isa = PBXFileReference; lastKnownFileType = file.storyboard; name = Base; path = Base.lproj/Main.storyboard; sourceTree = "<group>"; };
		0413732F23ED2E48007CED13 /* Assets.xcassets */ = {isa = PBXFileReference; lastKnownFileType = folder.assetcatalog; path = Assets.xcassets; sourceTree = "<group>"; };
		0413733223ED2E48007CED13 /* Base */ = {isa = PBXFileReference; lastKnownFileType = file.storyboard; name = Base; path = Base.lproj/LaunchScreen.storyboard; sourceTree = "<group>"; };
		0413733423ED2E48007CED13 /* Info.plist */ = {isa = PBXFileReference; lastKnownFileType = text.plist.xml; path = Info.plist; sourceTree = "<group>"; };
		0413733923ED2E48007CED13 /* PatacoreSwiftTests.xctest */ = {isa = PBXFileReference; explicitFileType = wrapper.cfbundle; includeInIndex = 0; path = PatacoreSwiftTests.xctest; sourceTree = BUILT_PRODUCTS_DIR; };
		0413733D23ED2E48007CED13 /* PatacoreSwiftTests.swift */ = {isa = PBXFileReference; lastKnownFileType = sourcecode.swift; path = PatacoreSwiftTests.swift; sourceTree = "<group>"; };
		0413733F23ED2E48007CED13 /* Info.plist */ = {isa = PBXFileReference; lastKnownFileType = text.plist.xml; path = Info.plist; sourceTree = "<group>"; };
		0413734423ED2E49007CED13 /* PatacoreSwiftUITests.xctest */ = {isa = PBXFileReference; explicitFileType = wrapper.cfbundle; includeInIndex = 0; path = PatacoreSwiftUITests.xctest; sourceTree = BUILT_PRODUCTS_DIR; };
		0413734823ED2E49007CED13 /* PatacoreSwiftUITests.swift */ = {isa = PBXFileReference; lastKnownFileType = sourcecode.swift; path = PatacoreSwiftUITests.swift; sourceTree = "<group>"; };
		0413734A23ED2E49007CED13 /* Info.plist */ = {isa = PBXFileReference; lastKnownFileType = text.plist.xml; path = Info.plist; sourceTree = "<group>"; };
		048BE20E23F08AE10010BB37 /* TabBarViewController.swift */ = {isa = PBXFileReference; lastKnownFileType = sourcecode.swift; path = TabBarViewController.swift; sourceTree = "<group>"; };
		0493A56723EF6DB800C82E62 /* SingInViewController.swift */ = {isa = PBXFileReference; lastKnownFileType = sourcecode.swift; path = SingInViewController.swift; sourceTree = "<group>"; };
		04CEC13D23F10180000D0D8D /* ProductsTableViewController.swift */ = {isa = PBXFileReference; lastKnownFileType = sourcecode.swift; path = ProductsTableViewController.swift; sourceTree = "<group>"; };
		04E799AC23F2198300EFF3DE /* Product.swift */ = {isa = PBXFileReference; lastKnownFileType = sourcecode.swift; path = Product.swift; sourceTree = "<group>"; };
		04E799AE23F22F7E00EFF3DE /* ProductsManager.swift */ = {isa = PBXFileReference; lastKnownFileType = sourcecode.swift; path = ProductsManager.swift; sourceTree = "<group>"; };
		04E799B023F262A600EFF3DE /* ProductViewController.swift */ = {isa = PBXFileReference; lastKnownFileType = sourcecode.swift; path = ProductViewController.swift; sourceTree = "<group>"; };
		280E859D7C5A5AAB866E8C5C /* Pods_PatacoreSwift_PatacoreSwiftUITests.framework */ = {isa = PBXFileReference; explicitFileType = wrapper.framework; includeInIndex = 0; path = Pods_PatacoreSwift_PatacoreSwiftUITests.framework; sourceTree = BUILT_PRODUCTS_DIR; };
		347BB5506FF6CBD39F301736 /* Pods-PatacoreSwift-PatacoreSwiftUITests.release.xcconfig */ = {isa = PBXFileReference; includeInIndex = 1; lastKnownFileType = text.xcconfig; name = "Pods-PatacoreSwift-PatacoreSwiftUITests.release.xcconfig"; path = "Target Support Files/Pods-PatacoreSwift-PatacoreSwiftUITests/Pods-PatacoreSwift-PatacoreSwiftUITests.release.xcconfig"; sourceTree = "<group>"; };
		466D0EB12B68A2E7A3FBEFEA /* Pods_PatacoreSwift.framework */ = {isa = PBXFileReference; explicitFileType = wrapper.framework; includeInIndex = 0; path = Pods_PatacoreSwift.framework; sourceTree = BUILT_PRODUCTS_DIR; };
		6AA2C99561E74F940A1A4CCB /* Pods-PatacoreSwiftTests.debug.xcconfig */ = {isa = PBXFileReference; includeInIndex = 1; lastKnownFileType = text.xcconfig; name = "Pods-PatacoreSwiftTests.debug.xcconfig"; path = "Target Support Files/Pods-PatacoreSwiftTests/Pods-PatacoreSwiftTests.debug.xcconfig"; sourceTree = "<group>"; };
		72A5D5E5CD1F913B6A062AD5 /* Pods-PatacoreSwift-PatacoreSwiftUITests.debug.xcconfig */ = {isa = PBXFileReference; includeInIndex = 1; lastKnownFileType = text.xcconfig; name = "Pods-PatacoreSwift-PatacoreSwiftUITests.debug.xcconfig"; path = "Target Support Files/Pods-PatacoreSwift-PatacoreSwiftUITests/Pods-PatacoreSwift-PatacoreSwiftUITests.debug.xcconfig"; sourceTree = "<group>"; };
		AC14F7E59C2E6069BB1FEBD9 /* Pods-PatacoreSwift.debug.xcconfig */ = {isa = PBXFileReference; includeInIndex = 1; lastKnownFileType = text.xcconfig; name = "Pods-PatacoreSwift.debug.xcconfig"; path = "Target Support Files/Pods-PatacoreSwift/Pods-PatacoreSwift.debug.xcconfig"; sourceTree = "<group>"; };
		AC5768D82BF49921D1B1389A /* Pods-PatacoreSwiftTests.release.xcconfig */ = {isa = PBXFileReference; includeInIndex = 1; lastKnownFileType = text.xcconfig; name = "Pods-PatacoreSwiftTests.release.xcconfig"; path = "Target Support Files/Pods-PatacoreSwiftTests/Pods-PatacoreSwiftTests.release.xcconfig"; sourceTree = "<group>"; };
		B29D3FD7EDF4ED59FE33C4D6 /* Pods-PatacoreSwift.release.xcconfig */ = {isa = PBXFileReference; includeInIndex = 1; lastKnownFileType = text.xcconfig; name = "Pods-PatacoreSwift.release.xcconfig"; path = "Target Support Files/Pods-PatacoreSwift/Pods-PatacoreSwift.release.xcconfig"; sourceTree = "<group>"; };
		CC3D3D7087326DB5839AD1FE /* Pods_PatacoreSwiftTests.framework */ = {isa = PBXFileReference; explicitFileType = wrapper.framework; includeInIndex = 0; path = Pods_PatacoreSwiftTests.framework; sourceTree = BUILT_PRODUCTS_DIR; };
/* End PBXFileReference section */

/* Begin PBXFrameworksBuildPhase section */
		0413732023ED2E46007CED13 /* Frameworks */ = {
			isa = PBXFrameworksBuildPhase;
			buildActionMask = 2147483647;
			files = (
				229A2352A4E4FFE640FCEEDA /* Pods_PatacoreSwift.framework in Frameworks */,
			);
			runOnlyForDeploymentPostprocessing = 0;
		};
		0413733623ED2E48007CED13 /* Frameworks */ = {
			isa = PBXFrameworksBuildPhase;
			buildActionMask = 2147483647;
			files = (
				6E59423F53718337F27E0C13 /* Pods_PatacoreSwiftTests.framework in Frameworks */,
			);
			runOnlyForDeploymentPostprocessing = 0;
		};
		0413734123ED2E49007CED13 /* Frameworks */ = {
			isa = PBXFrameworksBuildPhase;
			buildActionMask = 2147483647;
			files = (
				87210977E9856595623DA250 /* Pods_PatacoreSwift_PatacoreSwiftUITests.framework in Frameworks */,
			);
			runOnlyForDeploymentPostprocessing = 0;
		};
/* End PBXFrameworksBuildPhase section */

/* Begin PBXGroup section */
		0413731A23ED2E46007CED13 = {
			isa = PBXGroup;
			children = (
				0413732523ED2E46007CED13 /* PatacoreSwift */,
				0413733C23ED2E48007CED13 /* PatacoreSwiftTests */,
				0413734723ED2E49007CED13 /* PatacoreSwiftUITests */,
				0413732423ED2E46007CED13 /* Products */,
				1302B53BD3A3ABC248455F5A /* Pods */,
				CD2EDC2CAC41EC178778DB7E /* Frameworks */,
			);
			sourceTree = "<group>";
		};
		0413732423ED2E46007CED13 /* Products */ = {
			isa = PBXGroup;
			children = (
				0413732323ED2E46007CED13 /* PatacoreSwift.app */,
				0413733923ED2E48007CED13 /* PatacoreSwiftTests.xctest */,
				0413734423ED2E49007CED13 /* PatacoreSwiftUITests.xctest */,
			);
			name = Products;
			sourceTree = "<group>";
		};
		0413732523ED2E46007CED13 /* PatacoreSwift */ = {
			isa = PBXGroup;
			children = (
				04A1548823EE735400749B37 /* Views */,
				04A1548723EE733700749B37 /* Controllers */,
				0413735623ED3710007CED13 /* Models */,
				0413732623ED2E46007CED13 /* AppDelegate.swift */,
				0413732823ED2E46007CED13 /* SceneDelegate.swift */,
				0413732A23ED2E46007CED13 /* ViewController.swift */,
				0413732C23ED2E46007CED13 /* Main.storyboard */,
				0413732F23ED2E48007CED13 /* Assets.xcassets */,
				0413733123ED2E48007CED13 /* LaunchScreen.storyboard */,
				0413733423ED2E48007CED13 /* Info.plist */,
			);
			path = PatacoreSwift;
			sourceTree = "<group>";
		};
		0413733C23ED2E48007CED13 /* PatacoreSwiftTests */ = {
			isa = PBXGroup;
			children = (
				0413733D23ED2E48007CED13 /* PatacoreSwiftTests.swift */,
				0413733F23ED2E48007CED13 /* Info.plist */,
			);
			path = PatacoreSwiftTests;
			sourceTree = "<group>";
		};
		0413734723ED2E49007CED13 /* PatacoreSwiftUITests */ = {
			isa = PBXGroup;
			children = (
				0413734823ED2E49007CED13 /* PatacoreSwiftUITests.swift */,
				0413734A23ED2E49007CED13 /* Info.plist */,
			);
			path = PatacoreSwiftUITests;
			sourceTree = "<group>";
		};
		0413735623ED3710007CED13 /* Models */ = {
			isa = PBXGroup;
			children = (
				04E799AC23F2198300EFF3DE /* Product.swift */,
				04E799AE23F22F7E00EFF3DE /* ProductsManager.swift */,
			);
			path = Models;
			sourceTree = "<group>";
		};
		04A1548723EE733700749B37 /* Controllers */ = {
			isa = PBXGroup;
			children = (
				0493A56723EF6DB800C82E62 /* SingInViewController.swift */,
				048BE20E23F08AE10010BB37 /* TabBarViewController.swift */,
				04CEC13D23F10180000D0D8D /* ProductsTableViewController.swift */,
				04E799B023F262A600EFF3DE /* ProductViewController.swift */,
			);
			path = Controllers;
			sourceTree = "<group>";
		};
		04A1548823EE735400749B37 /* Views */ = {
			isa = PBXGroup;
			children = (
				04A1548923EE736400749B37 /* Tables */,
			);
			path = Views;
			sourceTree = "<group>";
		};
		04A1548923EE736400749B37 /* Tables */ = {
			isa = PBXGroup;
			children = (
			);
			path = Tables;
			sourceTree = "<group>";
		};
		1302B53BD3A3ABC248455F5A /* Pods */ = {
			isa = PBXGroup;
			children = (
				AC14F7E59C2E6069BB1FEBD9 /* Pods-PatacoreSwift.debug.xcconfig */,
				B29D3FD7EDF4ED59FE33C4D6 /* Pods-PatacoreSwift.release.xcconfig */,
				72A5D5E5CD1F913B6A062AD5 /* Pods-PatacoreSwift-PatacoreSwiftUITests.debug.xcconfig */,
				347BB5506FF6CBD39F301736 /* Pods-PatacoreSwift-PatacoreSwiftUITests.release.xcconfig */,
				6AA2C99561E74F940A1A4CCB /* Pods-PatacoreSwiftTests.debug.xcconfig */,
				AC5768D82BF49921D1B1389A /* Pods-PatacoreSwiftTests.release.xcconfig */,
			);
			path = Pods;
			sourceTree = "<group>";
		};
		CD2EDC2CAC41EC178778DB7E /* Frameworks */ = {
			isa = PBXGroup;
			children = (
				466D0EB12B68A2E7A3FBEFEA /* Pods_PatacoreSwift.framework */,
				280E859D7C5A5AAB866E8C5C /* Pods_PatacoreSwift_PatacoreSwiftUITests.framework */,
				CC3D3D7087326DB5839AD1FE /* Pods_PatacoreSwiftTests.framework */,
			);
			name = Frameworks;
			sourceTree = "<group>";
		};
/* End PBXGroup section */

/* Begin PBXNativeTarget section */
		0413732223ED2E46007CED13 /* PatacoreSwift */ = {
			isa = PBXNativeTarget;
			buildConfigurationList = 0413734D23ED2E49007CED13 /* Build configuration list for PBXNativeTarget "PatacoreSwift" */;
			buildPhases = (
				0B264BB0E87BEF331D181260 /* [CP] Check Pods Manifest.lock */,
				0413731F23ED2E46007CED13 /* Sources */,
				0413732023ED2E46007CED13 /* Frameworks */,
				0413732123ED2E46007CED13 /* Resources */,
				5BB3167352A03E3E62233655 /* [CP] Embed Pods Frameworks */,
			);
			buildRules = (
			);
			dependencies = (
			);
			name = PatacoreSwift;
			productName = PatacoreSwift;
			productReference = 0413732323ED2E46007CED13 /* PatacoreSwift.app */;
			productType = "com.apple.product-type.application";
		};
		0413733823ED2E48007CED13 /* PatacoreSwiftTests */ = {
			isa = PBXNativeTarget;
			buildConfigurationList = 0413735023ED2E49007CED13 /* Build configuration list for PBXNativeTarget "PatacoreSwiftTests" */;
			buildPhases = (
				315279C58E28C8CF78BFDDFD /* [CP] Check Pods Manifest.lock */,
				0413733523ED2E48007CED13 /* Sources */,
				0413733623ED2E48007CED13 /* Frameworks */,
				0413733723ED2E48007CED13 /* Resources */,
			);
			buildRules = (
			);
			dependencies = (
				0413733B23ED2E48007CED13 /* PBXTargetDependency */,
			);
			name = PatacoreSwiftTests;
			productName = PatacoreSwiftTests;
			productReference = 0413733923ED2E48007CED13 /* PatacoreSwiftTests.xctest */;
			productType = "com.apple.product-type.bundle.unit-test";
		};
		0413734323ED2E49007CED13 /* PatacoreSwiftUITests */ = {
			isa = PBXNativeTarget;
			buildConfigurationList = 0413735323ED2E49007CED13 /* Build configuration list for PBXNativeTarget "PatacoreSwiftUITests" */;
			buildPhases = (
				93F433859E97B1124F4D81FC /* [CP] Check Pods Manifest.lock */,
				0413734023ED2E49007CED13 /* Sources */,
				0413734123ED2E49007CED13 /* Frameworks */,
				0413734223ED2E49007CED13 /* Resources */,
				6866879746C2C6A657EEF77E /* [CP] Embed Pods Frameworks */,
			);
			buildRules = (
			);
			dependencies = (
				0413734623ED2E49007CED13 /* PBXTargetDependency */,
			);
			name = PatacoreSwiftUITests;
			productName = PatacoreSwiftUITests;
			productReference = 0413734423ED2E49007CED13 /* PatacoreSwiftUITests.xctest */;
			productType = "com.apple.product-type.bundle.ui-testing";
		};
/* End PBXNativeTarget section */

/* Begin PBXProject section */
		0413731B23ED2E46007CED13 /* Project object */ = {
			isa = PBXProject;
			attributes = {
				LastSwiftUpdateCheck = 1130;
				LastUpgradeCheck = 1130;
				ORGANIZATIONNAME = Johana;
				TargetAttributes = {
					0413732223ED2E46007CED13 = {
						CreatedOnToolsVersion = 11.3.1;
					};
					0413733823ED2E48007CED13 = {
						CreatedOnToolsVersion = 11.3.1;
						TestTargetID = 0413732223ED2E46007CED13;
					};
					0413734323ED2E49007CED13 = {
						CreatedOnToolsVersion = 11.3.1;
						TestTargetID = 0413732223ED2E46007CED13;
					};
				};
			};
			buildConfigurationList = 0413731E23ED2E46007CED13 /* Build configuration list for PBXProject "PatacoreSwift" */;
			compatibilityVersion = "Xcode 9.3";
			developmentRegion = en;
			hasScannedForEncodings = 0;
			knownRegions = (
				en,
				Base,
			);
			mainGroup = 0413731A23ED2E46007CED13;
			productRefGroup = 0413732423ED2E46007CED13 /* Products */;
			projectDirPath = "";
			projectRoot = "";
			targets = (
				0413732223ED2E46007CED13 /* PatacoreSwift */,
				0413733823ED2E48007CED13 /* PatacoreSwiftTests */,
				0413734323ED2E49007CED13 /* PatacoreSwiftUITests */,
			);
		};
/* End PBXProject section */

/* Begin PBXResourcesBuildPhase section */
		0413732123ED2E46007CED13 /* Resources */ = {
			isa = PBXResourcesBuildPhase;
			buildActionMask = 2147483647;
			files = (
				0413733323ED2E48007CED13 /* LaunchScreen.storyboard in Resources */,
				0413733023ED2E48007CED13 /* Assets.xcassets in Resources */,
				0413732E23ED2E46007CED13 /* Main.storyboard in Resources */,
			);
			runOnlyForDeploymentPostprocessing = 0;
		};
		0413733723ED2E48007CED13 /* Resources */ = {
			isa = PBXResourcesBuildPhase;
			buildActionMask = 2147483647;
			files = (
			);
			runOnlyForDeploymentPostprocessing = 0;
		};
		0413734223ED2E49007CED13 /* Resources */ = {
			isa = PBXResourcesBuildPhase;
			buildActionMask = 2147483647;
			files = (
			);
			runOnlyForDeploymentPostprocessing = 0;
		};
/* End PBXResourcesBuildPhase section */

/* Begin PBXShellScriptBuildPhase section */
		0B264BB0E87BEF331D181260 /* [CP] Check Pods Manifest.lock */ = {
			isa = PBXShellScriptBuildPhase;
			buildActionMask = 2147483647;
			files = (
			);
			inputFileListPaths = (
			);
			inputPaths = (
				"${PODS_PODFILE_DIR_PATH}/Podfile.lock",
				"${PODS_ROOT}/Manifest.lock",
			);
			name = "[CP] Check Pods Manifest.lock";
			outputFileListPaths = (
			);
			outputPaths = (
				"$(DERIVED_FILE_DIR)/Pods-PatacoreSwift-checkManifestLockResult.txt",
			);
			runOnlyForDeploymentPostprocessing = 0;
			shellPath = /bin/sh;
			shellScript = "diff \"${PODS_PODFILE_DIR_PATH}/Podfile.lock\" \"${PODS_ROOT}/Manifest.lock\" > /dev/null\nif [ $? != 0 ] ; then\n    # print error to STDERR\n    echo \"error: The sandbox is not in sync with the Podfile.lock. Run 'pod install' or update your CocoaPods installation.\" >&2\n    exit 1\nfi\n# This output is used by Xcode 'outputs' to avoid re-running this script phase.\necho \"SUCCESS\" > \"${SCRIPT_OUTPUT_FILE_0}\"\n";
			showEnvVarsInLog = 0;
		};
		315279C58E28C8CF78BFDDFD /* [CP] Check Pods Manifest.lock */ = {
			isa = PBXShellScriptBuildPhase;
			buildActionMask = 2147483647;
			files = (
			);
			inputFileListPaths = (
			);
			inputPaths = (
				"${PODS_PODFILE_DIR_PATH}/Podfile.lock",
				"${PODS_ROOT}/Manifest.lock",
			);
			name = "[CP] Check Pods Manifest.lock";
			outputFileListPaths = (
			);
			outputPaths = (
				"$(DERIVED_FILE_DIR)/Pods-PatacoreSwiftTests-checkManifestLockResult.txt",
			);
			runOnlyForDeploymentPostprocessing = 0;
			shellPath = /bin/sh;
			shellScript = "diff \"${PODS_PODFILE_DIR_PATH}/Podfile.lock\" \"${PODS_ROOT}/Manifest.lock\" > /dev/null\nif [ $? != 0 ] ; then\n    # print error to STDERR\n    echo \"error: The sandbox is not in sync with the Podfile.lock. Run 'pod install' or update your CocoaPods installation.\" >&2\n    exit 1\nfi\n# This output is used by Xcode 'outputs' to avoid re-running this script phase.\necho \"SUCCESS\" > \"${SCRIPT_OUTPUT_FILE_0}\"\n";
			showEnvVarsInLog = 0;
		};
		5BB3167352A03E3E62233655 /* [CP] Embed Pods Frameworks */ = {
			isa = PBXShellScriptBuildPhase;
			buildActionMask = 2147483647;
			files = (
			);
			inputFileListPaths = (
				"${PODS_ROOT}/Target Support Files/Pods-PatacoreSwift/Pods-PatacoreSwift-frameworks-${CONFIGURATION}-input-files.xcfilelist",
			);
			name = "[CP] Embed Pods Frameworks";
			outputFileListPaths = (
				"${PODS_ROOT}/Target Support Files/Pods-PatacoreSwift/Pods-PatacoreSwift-frameworks-${CONFIGURATION}-output-files.xcfilelist",
			);
			runOnlyForDeploymentPostprocessing = 0;
			shellPath = /bin/sh;
			shellScript = "\"${PODS_ROOT}/Target Support Files/Pods-PatacoreSwift/Pods-PatacoreSwift-frameworks.sh\"\n";
			showEnvVarsInLog = 0;
		};
		6866879746C2C6A657EEF77E /* [CP] Embed Pods Frameworks */ = {
			isa = PBXShellScriptBuildPhase;
			buildActionMask = 2147483647;
			files = (
			);
			inputFileListPaths = (
				"${PODS_ROOT}/Target Support Files/Pods-PatacoreSwift-PatacoreSwiftUITests/Pods-PatacoreSwift-PatacoreSwiftUITests-frameworks-${CONFIGURATION}-input-files.xcfilelist",
			);
			name = "[CP] Embed Pods Frameworks";
			outputFileListPaths = (
				"${PODS_ROOT}/Target Support Files/Pods-PatacoreSwift-PatacoreSwiftUITests/Pods-PatacoreSwift-PatacoreSwiftUITests-frameworks-${CONFIGURATION}-output-files.xcfilelist",
			);
			runOnlyForDeploymentPostprocessing = 0;
			shellPath = /bin/sh;
			shellScript = "\"${PODS_ROOT}/Target Support Files/Pods-PatacoreSwift-PatacoreSwiftUITests/Pods-PatacoreSwift-PatacoreSwiftUITests-frameworks.sh\"\n";
			showEnvVarsInLog = 0;
		};
		93F433859E97B1124F4D81FC /* [CP] Check Pods Manifest.lock */ = {
			isa = PBXShellScriptBuildPhase;
			buildActionMask = 2147483647;
			files = (
			);
			inputFileListPaths = (
			);
			inputPaths = (
				"${PODS_PODFILE_DIR_PATH}/Podfile.lock",
				"${PODS_ROOT}/Manifest.lock",
			);
			name = "[CP] Check Pods Manifest.lock";
			outputFileListPaths = (
			);
			outputPaths = (
				"$(DERIVED_FILE_DIR)/Pods-PatacoreSwift-PatacoreSwiftUITests-checkManifestLockResult.txt",
			);
			runOnlyForDeploymentPostprocessing = 0;
			shellPath = /bin/sh;
			shellScript = "diff \"${PODS_PODFILE_DIR_PATH}/Podfile.lock\" \"${PODS_ROOT}/Manifest.lock\" > /dev/null\nif [ $? != 0 ] ; then\n    # print error to STDERR\n    echo \"error: The sandbox is not in sync with the Podfile.lock. Run 'pod install' or update your CocoaPods installation.\" >&2\n    exit 1\nfi\n# This output is used by Xcode 'outputs' to avoid re-running this script phase.\necho \"SUCCESS\" > \"${SCRIPT_OUTPUT_FILE_0}\"\n";
			showEnvVarsInLog = 0;
		};
/* End PBXShellScriptBuildPhase section */

/* Begin PBXSourcesBuildPhase section */
		0413731F23ED2E46007CED13 /* Sources */ = {
			isa = PBXSourcesBuildPhase;
			buildActionMask = 2147483647;
			files = (
				0493A56823EF6DB800C82E62 /* SingInViewController.swift in Sources */,
				04CEC13E23F10180000D0D8D /* ProductsTableViewController.swift in Sources */,
				0413732B23ED2E46007CED13 /* ViewController.swift in Sources */,
				0413732723ED2E46007CED13 /* AppDelegate.swift in Sources */,
				048BE20F23F08AE10010BB37 /* TabBarViewController.swift in Sources */,
				0413732923ED2E46007CED13 /* SceneDelegate.swift in Sources */,
				04E799B123F262A600EFF3DE /* ProductViewController.swift in Sources */,
				04E799AD23F2198300EFF3DE /* Product.swift in Sources */,
				04E799AF23F22F7E00EFF3DE /* ProductsManager.swift in Sources */,
			);
			runOnlyForDeploymentPostprocessing = 0;
		};
		0413733523ED2E48007CED13 /* Sources */ = {
			isa = PBXSourcesBuildPhase;
			buildActionMask = 2147483647;
			files = (
				0413733E23ED2E48007CED13 /* PatacoreSwiftTests.swift in Sources */,
			);
			runOnlyForDeploymentPostprocessing = 0;
		};
		0413734023ED2E49007CED13 /* Sources */ = {
			isa = PBXSourcesBuildPhase;
			buildActionMask = 2147483647;
			files = (
				0413734923ED2E49007CED13 /* PatacoreSwiftUITests.swift in Sources */,
			);
			runOnlyForDeploymentPostprocessing = 0;
		};
/* End PBXSourcesBuildPhase section */

/* Begin PBXTargetDependency section */
		0413733B23ED2E48007CED13 /* PBXTargetDependency */ = {
			isa = PBXTargetDependency;
			target = 0413732223ED2E46007CED13 /* PatacoreSwift */;
			targetProxy = 0413733A23ED2E48007CED13 /* PBXContainerItemProxy */;
		};
		0413734623ED2E49007CED13 /* PBXTargetDependency */ = {
			isa = PBXTargetDependency;
			target = 0413732223ED2E46007CED13 /* PatacoreSwift */;
			targetProxy = 0413734523ED2E49007CED13 /* PBXContainerItemProxy */;
		};
/* End PBXTargetDependency section */

/* Begin PBXVariantGroup section */
		0413732C23ED2E46007CED13 /* Main.storyboard */ = {
			isa = PBXVariantGroup;
			children = (
				0413732D23ED2E46007CED13 /* Base */,
			);
			name = Main.storyboard;
			sourceTree = "<group>";
		};
		0413733123ED2E48007CED13 /* LaunchScreen.storyboard */ = {
			isa = PBXVariantGroup;
			children = (
				0413733223ED2E48007CED13 /* Base */,
			);
			name = LaunchScreen.storyboard;
			sourceTree = "<group>";
		};
/* End PBXVariantGroup section */

/* Begin XCBuildConfiguration section */
		0413734B23ED2E49007CED13 /* Debug */ = {
			isa = XCBuildConfiguration;
			buildSettings = {
				ALWAYS_SEARCH_USER_PATHS = NO;
				CLANG_ANALYZER_NONNULL = YES;
				CLANG_ANALYZER_NUMBER_OBJECT_CONVERSION = YES_AGGRESSIVE;
				CLANG_CXX_LANGUAGE_STANDARD = "gnu++14";
				CLANG_CXX_LIBRARY = "libc++";
				CLANG_ENABLE_MODULES = YES;
				CLANG_ENABLE_OBJC_ARC = YES;
				CLANG_ENABLE_OBJC_WEAK = YES;
				CLANG_WARN_BLOCK_CAPTURE_AUTORELEASING = YES;
				CLANG_WARN_BOOL_CONVERSION = YES;
				CLANG_WARN_COMMA = YES;
				CLANG_WARN_CONSTANT_CONVERSION = YES;
				CLANG_WARN_DEPRECATED_OBJC_IMPLEMENTATIONS = YES;
				CLANG_WARN_DIRECT_OBJC_ISA_USAGE = YES_ERROR;
				CLANG_WARN_DOCUMENTATION_COMMENTS = YES;
				CLANG_WARN_EMPTY_BODY = YES;
				CLANG_WARN_ENUM_CONVERSION = YES;
				CLANG_WARN_INFINITE_RECURSION = YES;
				CLANG_WARN_INT_CONVERSION = YES;
				CLANG_WARN_NON_LITERAL_NULL_CONVERSION = YES;
				CLANG_WARN_OBJC_IMPLICIT_RETAIN_SELF = YES;
				CLANG_WARN_OBJC_LITERAL_CONVERSION = YES;
				CLANG_WARN_OBJC_ROOT_CLASS = YES_ERROR;
				CLANG_WARN_RANGE_LOOP_ANALYSIS = YES;
				CLANG_WARN_STRICT_PROTOTYPES = YES;
				CLANG_WARN_SUSPICIOUS_MOVE = YES;
				CLANG_WARN_UNGUARDED_AVAILABILITY = YES_AGGRESSIVE;
				CLANG_WARN_UNREACHABLE_CODE = YES;
				CLANG_WARN__DUPLICATE_METHOD_MATCH = YES;
				COPY_PHASE_STRIP = NO;
				DEBUG_INFORMATION_FORMAT = dwarf;
				ENABLE_STRICT_OBJC_MSGSEND = YES;
				ENABLE_TESTABILITY = YES;
				GCC_C_LANGUAGE_STANDARD = gnu11;
				GCC_DYNAMIC_NO_PIC = NO;
				GCC_NO_COMMON_BLOCKS = YES;
				GCC_OPTIMIZATION_LEVEL = 0;
				GCC_PREPROCESSOR_DEFINITIONS = (
					"DEBUG=1",
					"$(inherited)",
				);
				GCC_WARN_64_TO_32_BIT_CONVERSION = YES;
				GCC_WARN_ABOUT_RETURN_TYPE = YES_ERROR;
				GCC_WARN_UNDECLARED_SELECTOR = YES;
				GCC_WARN_UNINITIALIZED_AUTOS = YES_AGGRESSIVE;
				GCC_WARN_UNUSED_FUNCTION = YES;
				GCC_WARN_UNUSED_VARIABLE = YES;
				IPHONEOS_DEPLOYMENT_TARGET = 13.2;
				MTL_ENABLE_DEBUG_INFO = INCLUDE_SOURCE;
				MTL_FAST_MATH = YES;
				ONLY_ACTIVE_ARCH = YES;
				SDKROOT = iphoneos;
				SWIFT_ACTIVE_COMPILATION_CONDITIONS = DEBUG;
				SWIFT_OPTIMIZATION_LEVEL = "-Onone";
			};
			name = Debug;
		};
		0413734C23ED2E49007CED13 /* Release */ = {
			isa = XCBuildConfiguration;
			buildSettings = {
				ALWAYS_SEARCH_USER_PATHS = NO;
				CLANG_ANALYZER_NONNULL = YES;
				CLANG_ANALYZER_NUMBER_OBJECT_CONVERSION = YES_AGGRESSIVE;
				CLANG_CXX_LANGUAGE_STANDARD = "gnu++14";
				CLANG_CXX_LIBRARY = "libc++";
				CLANG_ENABLE_MODULES = YES;
				CLANG_ENABLE_OBJC_ARC = YES;
				CLANG_ENABLE_OBJC_WEAK = YES;
				CLANG_WARN_BLOCK_CAPTURE_AUTORELEASING = YES;
				CLANG_WARN_BOOL_CONVERSION = YES;
				CLANG_WARN_COMMA = YES;
				CLANG_WARN_CONSTANT_CONVERSION = YES;
				CLANG_WARN_DEPRECATED_OBJC_IMPLEMENTATIONS = YES;
				CLANG_WARN_DIRECT_OBJC_ISA_USAGE = YES_ERROR;
				CLANG_WARN_DOCUMENTATION_COMMENTS = YES;
				CLANG_WARN_EMPTY_BODY = YES;
				CLANG_WARN_ENUM_CONVERSION = YES;
				CLANG_WARN_INFINITE_RECURSION = YES;
				CLANG_WARN_INT_CONVERSION = YES;
				CLANG_WARN_NON_LITERAL_NULL_CONVERSION = YES;
				CLANG_WARN_OBJC_IMPLICIT_RETAIN_SELF = YES;
				CLANG_WARN_OBJC_LITERAL_CONVERSION = YES;
				CLANG_WARN_OBJC_ROOT_CLASS = YES_ERROR;
				CLANG_WARN_RANGE_LOOP_ANALYSIS = YES;
				CLANG_WARN_STRICT_PROTOTYPES = YES;
				CLANG_WARN_SUSPICIOUS_MOVE = YES;
				CLANG_WARN_UNGUARDED_AVAILABILITY = YES_AGGRESSIVE;
				CLANG_WARN_UNREACHABLE_CODE = YES;
				CLANG_WARN__DUPLICATE_METHOD_MATCH = YES;
				COPY_PHASE_STRIP = NO;
				DEBUG_INFORMATION_FORMAT = "dwarf-with-dsym";
				ENABLE_NS_ASSERTIONS = NO;
				ENABLE_STRICT_OBJC_MSGSEND = YES;
				GCC_C_LANGUAGE_STANDARD = gnu11;
				GCC_NO_COMMON_BLOCKS = YES;
				GCC_WARN_64_TO_32_BIT_CONVERSION = YES;
				GCC_WARN_ABOUT_RETURN_TYPE = YES_ERROR;
				GCC_WARN_UNDECLARED_SELECTOR = YES;
				GCC_WARN_UNINITIALIZED_AUTOS = YES_AGGRESSIVE;
				GCC_WARN_UNUSED_FUNCTION = YES;
				GCC_WARN_UNUSED_VARIABLE = YES;
				IPHONEOS_DEPLOYMENT_TARGET = 13.2;
				MTL_ENABLE_DEBUG_INFO = NO;
				MTL_FAST_MATH = YES;
				SDKROOT = iphoneos;
				SWIFT_COMPILATION_MODE = wholemodule;
				SWIFT_OPTIMIZATION_LEVEL = "-O";
				VALIDATE_PRODUCT = YES;
			};
			name = Release;
		};
		0413734E23ED2E49007CED13 /* Debug */ = {
			isa = XCBuildConfiguration;
			baseConfigurationReference = AC14F7E59C2E6069BB1FEBD9 /* Pods-PatacoreSwift.debug.xcconfig */;
			buildSettings = {
				ASSETCATALOG_COMPILER_APPICON_NAME = AppIcon;
				CODE_SIGN_STYLE = Automatic;
				INFOPLIST_FILE = PatacoreSwift/Info.plist;
				LD_RUNPATH_SEARCH_PATHS = (
					"$(inherited)",
					"@executable_path/Frameworks",
				);
				PRODUCT_BUNDLE_IDENTIFIER = com.PatacoreSwift;
				PRODUCT_NAME = "$(TARGET_NAME)";
				SWIFT_VERSION = 5.0;
				TARGETED_DEVICE_FAMILY = "1,2";
			};
			name = Debug;
		};
		0413734F23ED2E49007CED13 /* Release */ = {
			isa = XCBuildConfiguration;
			baseConfigurationReference = B29D3FD7EDF4ED59FE33C4D6 /* Pods-PatacoreSwift.release.xcconfig */;
			buildSettings = {
				ASSETCATALOG_COMPILER_APPICON_NAME = AppIcon;
				CODE_SIGN_STYLE = Automatic;
				INFOPLIST_FILE = PatacoreSwift/Info.plist;
				LD_RUNPATH_SEARCH_PATHS = (
					"$(inherited)",
					"@executable_path/Frameworks",
				);
				PRODUCT_BUNDLE_IDENTIFIER = com.PatacoreSwift;
				PRODUCT_NAME = "$(TARGET_NAME)";
				SWIFT_VERSION = 5.0;
				TARGETED_DEVICE_FAMILY = "1,2";
			};
			name = Release;
		};
		0413735123ED2E49007CED13 /* Debug */ = {
			isa = XCBuildConfiguration;
			baseConfigurationReference = 6AA2C99561E74F940A1A4CCB /* Pods-PatacoreSwiftTests.debug.xcconfig */;
			buildSettings = {
				ALWAYS_EMBED_SWIFT_STANDARD_LIBRARIES = YES;
				BUNDLE_LOADER = "$(TEST_HOST)";
				CODE_SIGN_STYLE = Automatic;
				INFOPLIST_FILE = PatacoreSwiftTests/Info.plist;
				IPHONEOS_DEPLOYMENT_TARGET = 13.2;
				LD_RUNPATH_SEARCH_PATHS = (
					"$(inherited)",
					"@executable_path/Frameworks",
					"@loader_path/Frameworks",
				);
				PRODUCT_BUNDLE_IDENTIFIER = com.PatacoreSwiftTests;
				PRODUCT_NAME = "$(TARGET_NAME)";
				SWIFT_VERSION = 5.0;
				TARGETED_DEVICE_FAMILY = "1,2";
				TEST_HOST = "$(BUILT_PRODUCTS_DIR)/PatacoreSwift.app/PatacoreSwift";
			};
			name = Debug;
		};
		0413735223ED2E49007CED13 /* Release */ = {
			isa = XCBuildConfiguration;
			baseConfigurationReference = AC5768D82BF49921D1B1389A /* Pods-PatacoreSwiftTests.release.xcconfig */;
			buildSettings = {
				ALWAYS_EMBED_SWIFT_STANDARD_LIBRARIES = YES;
				BUNDLE_LOADER = "$(TEST_HOST)";
				CODE_SIGN_STYLE = Automatic;
				INFOPLIST_FILE = PatacoreSwiftTests/Info.plist;
				IPHONEOS_DEPLOYMENT_TARGET = 13.2;
				LD_RUNPATH_SEARCH_PATHS = (
					"$(inherited)",
					"@executable_path/Frameworks",
					"@loader_path/Frameworks",
				);
				PRODUCT_BUNDLE_IDENTIFIER = com.PatacoreSwiftTests;
				PRODUCT_NAME = "$(TARGET_NAME)";
				SWIFT_VERSION = 5.0;
				TARGETED_DEVICE_FAMILY = "1,2";
				TEST_HOST = "$(BUILT_PRODUCTS_DIR)/PatacoreSwift.app/PatacoreSwift";
			};
			name = Release;
		};
		0413735423ED2E49007CED13 /* Debug */ = {
			isa = XCBuildConfiguration;
			baseConfigurationReference = 72A5D5E5CD1F913B6A062AD5 /* Pods-PatacoreSwift-PatacoreSwiftUITests.debug.xcconfig */;
			buildSettings = {
				ALWAYS_EMBED_SWIFT_STANDARD_LIBRARIES = YES;
				CODE_SIGN_STYLE = Automatic;
				INFOPLIST_FILE = PatacoreSwiftUITests/Info.plist;
				LD_RUNPATH_SEARCH_PATHS = (
					"$(inherited)",
					"@executable_path/Frameworks",
					"@loader_path/Frameworks",
				);
				PRODUCT_BUNDLE_IDENTIFIER = com.PatacoreSwiftUITests;
				PRODUCT_NAME = "$(TARGET_NAME)";
				SWIFT_VERSION = 5.0;
				TARGETED_DEVICE_FAMILY = "1,2";
				TEST_TARGET_NAME = PatacoreSwift;
			};
			name = Debug;
		};
		0413735523ED2E49007CED13 /* Release */ = {
			isa = XCBuildConfiguration;
			baseConfigurationReference = 347BB5506FF6CBD39F301736 /* Pods-PatacoreSwift-PatacoreSwiftUITests.release.xcconfig */;
			buildSettings = {
				ALWAYS_EMBED_SWIFT_STANDARD_LIBRARIES = YES;
				CODE_SIGN_STYLE = Automatic;
				INFOPLIST_FILE = PatacoreSwiftUITests/Info.plist;
				LD_RUNPATH_SEARCH_PATHS = (
					"$(inherited)",
					"@executable_path/Frameworks",
					"@loader_path/Frameworks",
				);
				PRODUCT_BUNDLE_IDENTIFIER = com.PatacoreSwiftUITests;
				PRODUCT_NAME = "$(TARGET_NAME)";
				SWIFT_VERSION = 5.0;
				TARGETED_DEVICE_FAMILY = "1,2";
				TEST_TARGET_NAME = PatacoreSwift;
			};
			name = Release;
		};
/* End XCBuildConfiguration section */

/* Begin XCConfigurationList section */
		0413731E23ED2E46007CED13 /* Build configuration list for PBXProject "PatacoreSwift" */ = {
			isa = XCConfigurationList;
			buildConfigurations = (
				0413734B23ED2E49007CED13 /* Debug */,
				0413734C23ED2E49007CED13 /* Release */,
			);
			defaultConfigurationIsVisible = 0;
			defaultConfigurationName = Release;
		};
		0413734D23ED2E49007CED13 /* Build configuration list for PBXNativeTarget "PatacoreSwift" */ = {
			isa = XCConfigurationList;
			buildConfigurations = (
				0413734E23ED2E49007CED13 /* Debug */,
				0413734F23ED2E49007CED13 /* Release */,
			);
			defaultConfigurationIsVisible = 0;
			defaultConfigurationName = Release;
		};
		0413735023ED2E49007CED13 /* Build configuration list for PBXNativeTarget "PatacoreSwiftTests" */ = {
			isa = XCConfigurationList;
			buildConfigurations = (
				0413735123ED2E49007CED13 /* Debug */,
				0413735223ED2E49007CED13 /* Release */,
			);
			defaultConfigurationIsVisible = 0;
			defaultConfigurationName = Release;
		};
		0413735323ED2E49007CED13 /* Build configuration list for PBXNativeTarget "PatacoreSwiftUITests" */ = {
			isa = XCConfigurationList;
			buildConfigurations = (
				0413735423ED2E49007CED13 /* Debug */,
				0413735523ED2E49007CED13 /* Release */,
			);
			defaultConfigurationIsVisible = 0;
			defaultConfigurationName = Release;
		};
/* End XCConfigurationList section */
	};
	rootObject = 0413731B23ED2E46007CED13 /* Project object */;
}
